{
    "_meta": {
        "hash": {
            "sha256": "700e1b9ee3ceb06e47cb6d92362e641d1b42281e27efc8ebdd9e783732caeccd"
        },
        "pipfile-spec": 6,
        "requires": {
            "python_version": "3.7"
        },
        "sources": [
            {
                "name": "pypi",
                "url": "https://pypi.org/simple",
                "verify_ssl": true
            }
        ]
    },
    "default": {
        "django": {
            "hashes": [
                "sha256:7c3543e4fb070d14e10926189a7fcf42ba919263b7473dceaefce34d54e8a119",
                "sha256:a2814bffd1f007805b19194eb0b9a331933b82bd5da1c3ba3d7b7ba16e06dc4b"
            ],
            "version": "==2.2"
        },
        "django-autoslug": {
            "hashes": [
                "sha256:08ba143ce5914d2689972c0adaea56abc37fb7175e9f6939fe0e3ac26374e7a0",
                "sha256:aece8613eb173854462c656e91d81aa7ddfacaa49fb500d549f2143d1ce48721"
            ],
            "version": "==1.9.4"
        },
        "django-bootstrap4": {
            "hashes": [
                "sha256:9f115534ae8d052d397201f3d716c10d7c9832b422e44dd7382418c6f274df18"
            ],
            "version": "==0.0.8"
        },
        "dmdm": {
            "hashes": [
                "sha256:c5c6b8fced00b941b8745b34a9bc0080a5bacc2161f81a356e98f51a72e9500d",
                "sha256:c624914cbfeefd4561eea1ea07bd7650188fcf017fbcf9623e97246dbf8c64a9"
            ],
            "index": "pypi",
            "version": "==1.4.0"
        },
        "ndh": {
            "hashes": [
                "sha256:16f110cc4294264052247e7dbcb568e2dde9f7d11132af95e6be4f2eae8d537f",
                "sha256:bc5e995cd2529a85aa1b97a001caffc732b1881f34f1bfd753ae54fac24b751f"
            ],
            "index": "pypi",
            "version": "==3.9.4"
        },
        "pytz": {
            "hashes": [
                "sha256:303879e36b721603cc54604edcac9d20401bdbe31e1e4fdee5b9f98d5d31dfda",
                "sha256:d747dd3d23d77ef44c6a3526e274af6efeb0a6f1afd5a69ba4d5be4098c8e141"
            ],
            "version": "==2019.1"
        },
        "sqlparse": {
            "hashes": [
                "sha256:40afe6b8d4b1117e7dff5504d7a8ce07d9a1b15aeeade8a2d10f130a834f8177",
                "sha256:7c3dca29c022744e95b547e867cee89f4fce4373f3549ccd8797d8eb52cdb873"
            ],
            "version": "==0.3.0"
        }
    },
    "develop": {}
}
